<?xml version="1.0" encoding="UTF-8" standalone="yes" ?>
<CodeBlocks_project_file>
	<FileVersion major="1" minor="6" />
	<Project>
		<Option title="xbee2" />
		<Option pch_mode="2" />
		<Option compiler="gcc" />
		<Build>
			<Target title="intel">
				<Option output="bin/intel/xbee2" prefix_auto="1" extension_auto="1" />
				<Option object_output="obj/intel/" />
				<Option type="1" />
				<Option compiler="gcc" />
				<Compiler>
					<Add option="-std=c++11" />
					<Add option="-g" />
					<Add directory="../xbee" />
				</Compiler>
				<Linker>
					<Add directory="../libs/gcc" />
				</Linker>
			</Target>
			<Target title="arm">
				<Option output="bin/arm/xbee2" prefix_auto="1" extension_auto="1" />
				<Option object_output="obj/arm/" />
				<Option type="1" />
				<Option compiler="raspberry2" />
				<Compiler>
					<Add option="-std=c++11" />
					<Add directory="../xbee" />
				</Compiler>
				<Linker>
					<Add option="-Wl,--no-as-needed" />
					<Add library="rt" />
					<Add directory="../libs/arm2" />
				</Linker>
				<ExtraCommands>
					<Add after="scp bin/arm/xbee2 rasp:/tmp/" />
				</ExtraCommands>
			</Target>
			<Target title="lib intel">
				<Option output="../libs/gcc/xbee2" imp_lib="$(TARGET_OUTPUT_DIR)$(TARGET_OUTPUT_BASENAME).a" def_file="$(TARGET_OUTPUT_DIR)$(TARGET_OUTPUT_BASENAME).def" prefix_auto="1" extension_auto="1" />
				<Option object_output="obj/intel/" />
				<Option type="3" />
				<Option compiler="gcc" />
				<Compiler>
					<Add option="-std=c++11" />
					<Add option="-g" />
					<Add directory="../xbee" />
				</Compiler>
				<Linker>
					<Add directory="../libs/gcc" />
				</Linker>
			</Target>
			<Target title="lib arm">
				<Option output="../libs/arm2/xbee2" imp_lib="$(TARGET_OUTPUT_DIR)$(TARGET_OUTPUT_BASENAME).a" def_file="$(TARGET_OUTPUT_DIR)$(TARGET_OUTPUT_BASENAME).def" prefix_auto="1" extension_auto="1" />
				<Option object_output="obj/arm/" />
				<Option type="3" />
				<Option compiler="raspberry2" />
				<Compiler>
					<Add option="-std=c++0x" />
					<Add option="-g" />
					<Add directory="../xbee" />
				</Compiler>
				<Linker>
					<Add directory="../libs/arm2" />
				</Linker>
			</Target>
		</Build>
		<Compiler>
			<Add option="-Wall" />
			<Add option="-fexceptions" />
		</Compiler>
		<Linker>
			<Add library="pthread" />
			<Add library="andamCommon" />
		</Linker>
		<Unit filename="SerialPort.cpp" />
		<Unit filename="SerialPort.h" />
		<Unit filename="Xbee.cpp" />
		<Unit filename="Xbee.h" />
		<Unit filename="XbeeAddress.cpp" />
		<Unit filename="XbeeAddress.h" />
		<Unit filename="XbeeDiscoveryListener.h" />
		<Unit filename="XbeeFrame.cpp" />
		<Unit filename="XbeeFrame.h" />
		<Unit filename="XbeeFrameCommand.cpp" />
		<Unit filename="XbeeFrameCommand.h" />
		<Unit filename="XbeeFrameCommandResponse.cpp" />
		<Unit filename="XbeeFrameCommandResponse.h" />
		<Unit filename="XbeeFrameDataSample.cpp" />
		<Unit filename="XbeeFrameDataSample.h" />
		<Unit filename="XbeeFrameDiscovery.cpp" />
		<Unit filename="XbeeFrameDiscovery.h" />
		<Unit filename="XbeeFrameRemoteCommand.cpp" />
		<Unit filename="XbeeFrameRemoteCommand.h" />
		<Unit filename="XbeeFrameRemoteCommandResponse.cpp" />
		<Unit filename="XbeeFrameRemoteCommandResponse.h" />
		<Unit filename="XbeeLocal.cpp" />
		<Unit filename="XbeeLocal.h" />
		<Unit filename="XbeeLogger.cpp" />
		<Unit filename="XbeeLogger.h" />
		<Unit filename="XbeeRemote.cpp" />
		<Unit filename="XbeeRemote.h" />
		<Unit filename="test.cpp">
			<Option target="intel" />
			<Option target="arm" />
		</Unit>
		<Unit filename="utils.cpp" />
		<Unit filename="utils.h" />
		<Extensions>
			<code_completion />
			<envvars />
			<debugger />
			<lib_finder disable_auto="1" />
		</Extensions>
	</Project>
</CodeBlocks_project_file>
